// !$*UTF8*$!
{
	archiveVersion = 1;
	classes = {
	};
	objectVersion = 56;
	objects = {

/* Begin PBXBuildFile section */
		6EA3C8A22BF7F6C500C7ECF0 /* ViewModel.swift in Sources */ = {isa = PBXBuildFile; fileRef = 6EA3C8A12BF7F6C500C7ECF0 /* ViewModel.swift */; };
		6EB3C3D42BA489FD001BB962 /* CalculatorSwiftUIApp.swift in Sources */ = {isa = PBXBuildFile; fileRef = 6EB3C3D32BA489FD001BB962 /* CalculatorSwiftUIApp.swift */; };
		6EB3C3D62BA489FD001BB962 /* ContentView.swift in Sources */ = {isa = PBXBuildFile; fileRef = 6EB3C3D52BA489FD001BB962 /* ContentView.swift */; };
		6EB3C3D82BA48A01001BB962 /* Assets.xcassets in Resources */ = {isa = PBXBuildFile; fileRef = 6EB3C3D72BA48A01001BB962 /* Assets.xcassets */; };
		6EB3C3DB2BA48A01001BB962 /* Preview Assets.xcassets in Resources */ = {isa = PBXBuildFile; fileRef = 6EB3C3DA2BA48A01001BB962 /* Preview Assets.xcassets */; };
		6EC5DEF82BF14D4600DE78D1 /* ModelButtons.swift in Sources */ = {isa = PBXBuildFile; fileRef = 6EC5DEF72BF14D4600DE78D1 /* ModelButtons.swift */; };
		6EC5DEFA2BF14F6600DE78D1 /* Colors.swift in Sources */ = {isa = PBXBuildFile; fileRef = 6EC5DEF92BF14F6600DE78D1 /* Colors.swift */; };
		6EC5DEFD2BF1511500DE78D1 /* Matrix.swift in Sources */ = {isa = PBXBuildFile; fileRef = 6EC5DEFC2BF1511500DE78D1 /* Matrix.swift */; };
		6EC5DEFF2BF159E800DE78D1 /* VerticalButtonStack.swift in Sources */ = {isa = PBXBuildFile; fileRef = 6EC5DEFE2BF159E800DE78D1 /* VerticalButtonStack.swift */; };
/* End PBXBuildFile section */

/* Begin PBXFileReference section */
		6EA3C8A12BF7F6C500C7ECF0 /* ViewModel.swift */ = {isa = PBXFileReference; lastKnownFileType = sourcecode.swift; path = ViewModel.swift; sourceTree = "<group>"; };
		6EB3C3D02BA489FD001BB962 /* CalculatorSwiftUI.app */ = {isa = PBXFileReference; explicitFileType = wrapper.application; includeInIndex = 0; path = CalculatorSwiftUI.app; sourceTree = BUILT_PRODUCTS_DIR; };
		6EB3C3D32BA489FD001BB962 /* CalculatorSwiftUIApp.swift */ = {isa = PBXFileReference; lastKnownFileType = sourcecode.swift; path = CalculatorSwiftUIApp.swift; sourceTree = "<group>"; };
		6EB3C3D52BA489FD001BB962 /* ContentView.swift */ = {isa = PBXFileReference; lastKnownFileType = sourcecode.swift; path = ContentView.swift; sourceTree = "<group>"; };
		6EB3C3D72BA48A01001BB962 /* Assets.xcassets */ = {isa = PBXFileReference; lastKnownFileType = folder.assetcatalog; path = Assets.xcassets; sourceTree = "<group>"; };
		6EB3C3DA2BA48A01001BB962 /* Preview Assets.xcassets */ = {isa = PBXFileReference; lastKnownFileType = folder.assetcatalog; path = "Preview Assets.xcassets"; sourceTree = "<group>"; };
		6EC5DEF72BF14D4600DE78D1 /* ModelButtons.swift */ = {isa = PBXFileReference; lastKnownFileType = sourcecode.swift; path = ModelButtons.swift; sourceTree = "<group>"; };
		6EC5DEF92BF14F6600DE78D1 /* Colors.swift */ = {isa = PBXFileReference; lastKnownFileType = sourcecode.swift; path = Colors.swift; sourceTree = "<group>"; };
		6EC5DEFC2BF1511500DE78D1 /* Matrix.swift */ = {isa = PBXFileReference; lastKnownFileType = sourcecode.swift; path = Matrix.swift; sourceTree = "<group>"; };
		6EC5DEFE2BF159E800DE78D1 /* VerticalButtonStack.swift */ = {isa = PBXFileReference; lastKnownFileType = sourcecode.swift; path = VerticalButtonStack.swift; sourceTree = "<group>"; };
/* End PBXFileReference section */

/* Begin PBXFrameworksBuildPhase section */
		6EB3C3CD2BA489FD001BB962 /* Frameworks */ = {
			isa = PBXFrameworksBuildPhase;
			buildActionMask = 2147483647;
			files = (
			);
			runOnlyForDeploymentPostprocessing = 0;
		};
/* End PBXFrameworksBuildPhase section */

/* Begin PBXGroup section */
		6EB3C3C72BA489FD001BB962 = {
			isa = PBXGroup;
			children = (
				6EB3C3D22BA489FD001BB962 /* CalculatorSwiftUI */,
				6EB3C3D12BA489FD001BB962 /* Products */,
			);
			sourceTree = "<group>";
		};
		6EB3C3D12BA489FD001BB962 /* Products */ = {
			isa = PBXGroup;
			children = (
				6EB3C3D02BA489FD001BB962 /* CalculatorSwiftUI.app */,
			);
			name = Products;
			sourceTree = "<group>";
		};
		6EB3C3D22BA489FD001BB962 /* CalculatorSwiftUI */ = {
			isa = PBXGroup;
			children = (
				6EC5DEFB2BF14F8600DE78D1 /* Util */,
				6EC5DEF62BF14CE000DE78D1 /* Model */,
				6EB3C3E22BA48A26001BB962 /* View */,
				6EB3C3E12BA48A0C001BB962 /* ViewModel */,
				6EB3C3D32BA489FD001BB962 /* CalculatorSwiftUIApp.swift */,
				6EB3C3D72BA48A01001BB962 /* Assets.xcassets */,
				6EB3C3D92BA48A01001BB962 /* Preview Content */,
			);
			path = CalculatorSwiftUI;
			sourceTree = "<group>";
		};
		6EB3C3D92BA48A01001BB962 /* Preview Content */ = {
			isa = PBXGroup;
			children = (
				6EB3C3DA2BA48A01001BB962 /* Preview Assets.xcassets */,
			);
			path = "Preview Content";
			sourceTree = "<group>";
		};
		6EB3C3E12BA48A0C001BB962 /* ViewModel */ = {
			isa = PBXGroup;
			children = (
				6EA3C8A12BF7F6C500C7ECF0 /* ViewModel.swift */,
			);
			path = ViewModel;
			sourceTree = "<group>";
		};
		6EB3C3E22BA48A26001BB962 /* View */ = {
			isa = PBXGroup;
			children = (
				6EB3C3D52BA489FD001BB962 /* ContentView.swift */,
				6EC5DEFE2BF159E800DE78D1 /* VerticalButtonStack.swift */,
			);
			name = View;
			sourceTree = "<group>";
		};
		6EC5DEF62BF14CE000DE78D1 /* Model */ = {
			isa = PBXGroup;
			children = (
				6EC5DEF72BF14D4600DE78D1 /* ModelButtons.swift */,
			);
			path = Model;
			sourceTree = "<group>";
		};
		6EC5DEFB2BF14F8600DE78D1 /* Util */ = {
			isa = PBXGroup;
			children = (
				6EC5DEF92BF14F6600DE78D1 /* Colors.swift */,
				6EC5DEFC2BF1511500DE78D1 /* Matrix.swift */,
			);
			path = Util;
			sourceTree = "<group>";
		};
/* End PBXGroup section */

/* Begin PBXNativeTarget section */
		6EB3C3CF2BA489FD001BB962 /* CalculatorSwiftUI */ = {
			isa = PBXNativeTarget;
			buildConfigurationList = 6EB3C3DE2BA48A01001BB962 /* Build configuration list for PBXNativeTarget "CalculatorSwiftUI" */;
			buildPhases = (
				6EB3C3CC2BA489FD001BB962 /* Sources */,
				6EB3C3CD2BA489FD001BB962 /* Frameworks */,
				6EB3C3CE2BA489FD001BB962 /* Resources */,
			);
			buildRules = (
			);
			dependencies = (
			);
			name = CalculatorSwiftUI;
			productName = CalculatorSwiftUI;
			productReference = 6EB3C3D02BA489FD001BB962 /* CalculatorSwiftUI.app */;
			productType = "com.apple.product-type.application";
		};
/* End PBXNativeTarget section */

/* Begin PBXProject section */
		6EB3C3C82BA489FD001BB962 /* Project object */ = {
			isa = PBXProject;
			attributes = {
				BuildIndependentTargetsInParallel = 1;
				LastSwiftUpdateCheck = 1530;
				LastUpgradeCheck = 1530;
				TargetAttributes = {
					6EB3C3CF2BA489FD001BB962 = {
						CreatedOnToolsVersion = 15.3;
					};
				};
			};
			buildConfigurationList = 6EB3C3CB2BA489FD001BB962 /* Build configuration list for PBXProject "CalculatorSwiftUI" */;
			compatibilityVersion = "Xcode 14.0";
			developmentRegion = en;
			hasScannedForEncodings = 0;
			knownRegions = (
				en,
				Base,
			);
			mainGroup = 6EB3C3C72BA489FD001BB962;
			productRefGroup = 6EB3C3D12BA489FD001BB962 /* Products */;
			projectDirPath = "";
			projectRoot = "";
			targets = (
				6EB3C3CF2BA489FD001BB962 /* CalculatorSwiftUI */,
			);
		};
/* End PBXProject section */

/* Begin PBXResourcesBuildPhase section */
		6EB3C3CE2BA489FD001BB962 /* Resources */ = {
			isa = PBXResourcesBuildPhase;
			buildActionMask = 2147483647;
			files = (
				6EB3C3DB2BA48A01001BB962 /* Preview Assets.xcassets in Resources */,
				6EB3C3D82BA48A01001BB962 /* Assets.xcassets in Resources */,
			);
			runOnlyForDeploymentPostprocessing = 0;
		};
/* End PBXResourcesBuildPhase section */

/* Begin PBXSourcesBuildPhase section */
		6EB3C3CC2BA489FD001BB962 /* Sources */ = {
			isa = PBXSourcesBuildPhase;
			buildActionMask = 2147483647;
			files = (
				6EC5DEFF2BF159E800DE78D1 /* VerticalButtonStack.swift in Sources */,
				6EC5DEFD2BF1511500DE78D1 /* Matrix.swift in Sources */,
				6EC5DEFA2BF14F6600DE78D1 /* Colors.swift in Sources */,
				6EB3C3D62BA489FD001BB962 /* ContentView.swift in Sources */,
				6EC5DEF82BF14D4600DE78D1 /* ModelButtons.swift in Sources */,
				6EB3C3D42BA489FD001BB962 /* CalculatorSwiftUIApp.swift in Sources */,
				6EA3C8A22BF7F6C500C7ECF0 /* ViewModel.swift in Sources */,
			);
			runOnlyForDeploymentPostprocessing = 0;
		};
/* End PBXSourcesBuildPhase section */

/* Begin XCBuildConfiguration section */
		6EB3C3DC2BA48A01001BB962 /* Debug */ = {
			isa = XCBuildConfiguration;
			buildSettings = {
				ALWAYS_SEARCH_USER_PATHS = NO;
				ASSETCATALOG_COMPILER_GENERATE_SWIFT_ASSET_SYMBOL_EXTENSIONS = YES;
				CLANG_ANALYZER_NONNULL = YES;
				CLANG_ANALYZER_NUMBER_OBJECT_CONVERSION = YES_AGGRESSIVE;
				CLANG_CXX_LANGUAGE_STANDARD = "gnu++20";
				CLANG_ENABLE_MODULES = YES;
				CLANG_ENABLE_OBJC_ARC = YES;
				CLANG_ENABLE_OBJC_WEAK = YES;
				CLANG_WARN_BLOCK_CAPTURE_AUTORELEASING = YES;
				CLANG_WARN_BOOL_CONVERSION = YES;
				CLANG_WARN_COMMA = YES;
				CLANG_WARN_CONSTANT_CONVERSION = YES;
				CLANG_WARN_DEPRECATED_OBJC_IMPLEMENTATIONS = YES;
				CLANG_WARN_DIRECT_OBJC_ISA_USAGE = YES_ERROR;
				CLANG_WARN_DOCUMENTATION_COMMENTS = YES;
				CLANG_WARN_EMPTY_BODY = YES;
				CLANG_WARN_ENUM_CONVERSION = YES;
				CLANG_WARN_INFINITE_RECURSION = YES;
				CLANG_WARN_INT_CONVERSION = YES;
				CLANG_WARN_NON_LITERAL_NULL_CONVERSION = YES;
				CLANG_WARN_OBJC_IMPLICIT_RETAIN_SELF = YES;
				CLANG_WARN_OBJC_LITERAL_CONVERSION = YES;
				CLANG_WARN_OBJC_ROOT_CLASS = YES_ERROR;
				CLANG_WARN_QUOTED_INCLUDE_IN_FRAMEWORK_HEADER = YES;
				CLANG_WARN_RANGE_LOOP_ANALYSIS = YES;
				CLANG_WARN_STRICT_PROTOTYPES = YES;
				CLANG_WARN_SUSPICIOUS_MOVE = YES;
				CLANG_WARN_UNGUARDED_AVAILABILITY = YES_AGGRESSIVE;
				CLANG_WARN_UNREACHABLE_CODE = YES;
				CLANG_WARN__DUPLICATE_METHOD_MATCH = YES;
				COPY_PHASE_STRIP = NO;
				DEBUG_INFORMATION_FORMAT = dwarf;
				ENABLE_STRICT_OBJC_MSGSEND = YES;
				ENABLE_TESTABILITY = YES;
				ENABLE_USER_SCRIPT_SANDBOXING = YES;
				GCC_C_LANGUAGE_STANDARD = gnu17;
				GCC_DYNAMIC_NO_PIC = NO;
				GCC_NO_COMMON_BLOCKS = YES;
				GCC_OPTIMIZATION_LEVEL = 0;
				GCC_PREPROCESSOR_DEFINITIONS = (
					"DEBUG=1",
					"$(inherited)",
				);
				GCC_WARN_64_TO_32_BIT_CONVERSION = YES;
				GCC_WARN_ABOUT_RETURN_TYPE = YES_ERROR;
				GCC_WARN_UNDECLARED_SELECTOR = YES;
				GCC_WARN_UNINITIALIZED_AUTOS = YES_AGGRESSIVE;
				GCC_WARN_UNUSED_FUNCTION = YES;
				GCC_WARN_UNUSED_VARIABLE = YES;
				IPHONEOS_DEPLOYMENT_TARGET = 17.4;
				LOCALIZATION_PREFERS_STRING_CATALOGS = YES;
				MTL_ENABLE_DEBUG_INFO = INCLUDE_SOURCE;
				MTL_FAST_MATH = YES;
				ONLY_ACTIVE_ARCH = YES;
				SDKROOT = iphoneos;
				SWIFT_ACTIVE_COMPILATION_CONDITIONS = "DEBUG $(inherited)";
				SWIFT_OPTIMIZATION_LEVEL = "-Onone";
			};
			name = Debug;
		};
		6EB3C3DD2BA48A01001BB962 /* Release */ = {
			isa = XCBuildConfiguration;
			buildSettings = {
				ALWAYS_SEARCH_USER_PATHS = NO;
				ASSETCATALOG_COMPILER_GENERATE_SWIFT_ASSET_SYMBOL_EXTENSIONS = YES;
				CLANG_ANALYZER_NONNULL = YES;
				CLANG_ANALYZER_NUMBER_OBJECT_CONVERSION = YES_AGGRESSIVE;
				CLANG_CXX_LANGUAGE_STANDARD = "gnu++20";
				CLANG_ENABLE_MODULES = YES;
				CLANG_ENABLE_OBJC_ARC = YES;
				CLANG_ENABLE_OBJC_WEAK = YES;
				CLANG_WARN_BLOCK_CAPTURE_AUTORELEASING = YES;
				CLANG_WARN_BOOL_CONVERSION = YES;
				CLANG_WARN_COMMA = YES;
				CLANG_WARN_CONSTANT_CONVERSION = YES;
				CLANG_WARN_DEPRECATED_OBJC_IMPLEMENTATIONS = YES;
				CLANG_WARN_DIRECT_OBJC_ISA_USAGE = YES_ERROR;
				CLANG_WARN_DOCUMENTATION_COMMENTS = YES;
				CLANG_WARN_EMPTY_BODY = YES;
				CLANG_WARN_ENUM_CONVERSION = YES;
				CLANG_WARN_INFINITE_RECURSION = YES;
				CLANG_WARN_INT_CONVERSION = YES;
				CLANG_WARN_NON_LITERAL_NULL_CONVERSION = YES;
				CLANG_WARN_OBJC_IMPLICIT_RETAIN_SELF = YES;
				CLANG_WARN_OBJC_LITERAL_CONVERSION = YES;
				CLANG_WARN_OBJC_ROOT_CLASS = YES_ERROR;
				CLANG_WARN_QUOTED_INCLUDE_IN_FRAMEWORK_HEADER = YES;
				CLANG_WARN_RANGE_LOOP_ANALYSIS = YES;
				CLANG_WARN_STRICT_PROTOTYPES = YES;
				CLANG_WARN_SUSPICIOUS_MOVE = YES;
				CLANG_WARN_UNGUARDED_AVAILABILITY = YES_AGGRESSIVE;
				CLANG_WARN_UNREACHABLE_CODE = YES;
				CLANG_WARN__DUPLICATE_METHOD_MATCH = YES;
				COPY_PHASE_STRIP = NO;
				DEBUG_INFORMATION_FORMAT = "dwarf-with-dsym";
				ENABLE_NS_ASSERTIONS = NO;
				ENABLE_STRICT_OBJC_MSGSEND = YES;
				ENABLE_USER_SCRIPT_SANDBOXING = YES;
				GCC_C_LANGUAGE_STANDARD = gnu17;
				GCC_NO_COMMON_BLOCKS = YES;
				GCC_WARN_64_TO_32_BIT_CONVERSION = YES;
				GCC_WARN_ABOUT_RETURN_TYPE = YES_ERROR;
				GCC_WARN_UNDECLARED_SELECTOR = YES;
				GCC_WARN_UNINITIALIZED_AUTOS = YES_AGGRESSIVE;
				GCC_WARN_UNUSED_FUNCTION = YES;
				GCC_WARN_UNUSED_VARIABLE = YES;
				IPHONEOS_DEPLOYMENT_TARGET = 17.4;
				LOCALIZATION_PREFERS_STRING_CATALOGS = YES;
				MTL_ENABLE_DEBUG_INFO = NO;
				MTL_FAST_MATH = YES;
				SDKROOT = iphoneos;
				SWIFT_COMPILATION_MODE = wholemodule;
				VALIDATE_PRODUCT = YES;
			};
			name = Release;
		};
		6EB3C3DF2BA48A01001BB962 /* Debug */ = {
			isa = XCBuildConfiguration;
			buildSettings = {
				ASSETCATALOG_COMPILER_APPICON_NAME = AppIcon;
				ASSETCATALOG_COMPILER_GLOBAL_ACCENT_COLOR_NAME = AccentColor;
				CODE_SIGN_STYLE = Automatic;
				CURRENT_PROJECT_VERSION = 1;
				DEVELOPMENT_ASSET_PATHS = "\"CalculatorSwiftUI/Preview Content\"";
				DEVELOPMENT_TEAM = W5HZTU6SV8;
				ENABLE_PREVIEWS = YES;
				GENERATE_INFOPLIST_FILE = YES;
				INFOPLIST_KEY_UIApplicationSceneManifest_Generation = YES;
				INFOPLIST_KEY_UIApplicationSupportsIndirectInputEvents = YES;
				INFOPLIST_KEY_UILaunchScreen_Generation = YES;
				INFOPLIST_KEY_UISupportedInterfaceOrientations = UIInterfaceOrientationPortrait;
				IPHONEOS_DEPLOYMENT_TARGET = 17.5;
				LD_RUNPATH_SEARCH_PATHS = (
					"$(inherited)",
					"@executable_path/Frameworks",
				);
				MARKETING_VERSION = 1.0;
				PRODUCT_BUNDLE_IDENTIFIER = com.lordzzz.CalculatorSwiftUI;
				PRODUCT_NAME = "$(TARGET_NAME)";
				SWIFT_EMIT_LOC_STRINGS = YES;
				SWIFT_VERSION = 5.0;
				TARGETED_DEVICE_FAMILY = "1,2";
			};
			name = Debug;
		};
		6EB3C3E02BA48A01001BB962 /* Release */ = {
			isa = XCBuildConfiguration;
			buildSettings = {
				ASSETCATALOG_COMPILER_APPICON_NAME = AppIcon;
				ASSETCATALOG_COMPILER_GLOBAL_ACCENT_COLOR_NAME = AccentColor;
				CODE_SIGN_STYLE = Automatic;
				CURRENT_PROJECT_VERSION = 1;
				DEVELOPMENT_ASSET_PATHS = "\"CalculatorSwiftUI/Preview Content\"";
				DEVELOPMENT_TEAM = W5HZTU6SV8;
				ENABLE_PREVIEWS = YES;
				GENERATE_INFOPLIST_FILE = YES;
				INFOPLIST_KEY_UIApplicationSceneManifest_Generation = YES;
				INFOPLIST_KEY_UIApplicationSupportsIndirectInputEvents = YES;
				INFOPLIST_KEY_UILaunchScreen_Generation = YES;
				INFOPLIST_KEY_UISupportedInterfaceOrientations = UIInterfaceOrientationPortrait;
				IPHONEOS_DEPLOYMENT_TARGET = 17.5;
				LD_RUNPATH_SEARCH_PATHS = (
					"$(inherited)",
					"@executable_path/Frameworks",
				);
				MARKETING_VERSION = 1.0;
				PRODUCT_BUNDLE_IDENTIFIER = com.lordzzz.CalculatorSwiftUI;
				PRODUCT_NAME = "$(TARGET_NAME)";
				SWIFT_EMIT_LOC_STRINGS = YES;
				SWIFT_VERSION = 5.0;
				TARGETED_DEVICE_FAMILY = "1,2";
			};
			name = Release;
		};
/* End XCBuildConfiguration section */

/* Begin XCConfigurationList section */
		6EB3C3CB2BA489FD001BB962 /* Build configuration list for PBXProject "CalculatorSwiftUI" */ = {
			isa = XCConfigurationList;
			buildConfigurations = (
				6EB3C3DC2BA48A01001BB962 /* Debug */,
				6EB3C3DD2BA48A01001BB962 /* Release */,
			);
			defaultConfigurationIsVisible = 0;
			defaultConfigurationName = Release;
		};
		6EB3C3DE2BA48A01001BB962 /* Build configuration list for PBXNativeTarget "CalculatorSwiftUI" */ = {
			isa = XCConfigurationList;
			buildConfigurations = (
				6EB3C3DF2BA48A01001BB962 /* Debug */,
				6EB3C3E02BA48A01001BB962 /* Release */,
			);
			defaultConfigurationIsVisible = 0;
			defaultConfigurationName = Release;
		};
/* End XCConfigurationList section */
	};
	rootObject = 6EB3C3C82BA489FD001BB962 /* Project object */;
}
